
Microsoft Visual Studio Solution File, Format Version 12.00
# Visual Studio 15
VisualStudioVersion = 15.0.26730.8
MinimumVisualStudioVersion = 10.0.40219.1
Project("{9A19103F-16F7-4668-BE54-9A1E7A4F7556}") = "Lykke.Logs", "src\Lykke.Logs\Lykke.Logs.csproj", "{2C78614F-55C4-434F-A652-437946343997}"
EndProject
Project("{2150E333-8FDC-42A3-9474-1A3956D46DE8}") = "Tests", "Tests", "{9CF7F532-A6E2-4559-98F3-0D3A1271EEE9}"
EndProject
Project("{9A19103F-16F7-4668-BE54-9A1E7A4F7556}") = "Lykke.Logs.Tests", "tests\Lykke.Logs.Tests\Lykke.Logs.Tests.csproj", "{F8F48A81-B865-4D0B-BBE0-E030EB5B1D21}"
EndProject
Project("{9A19103F-16F7-4668-BE54-9A1E7A4F7556}") = "ConsoleLoggerRunner", "tests\ConsoleLoggerRunner\ConsoleLoggerRunner.csproj", "{1A9B7B00-85B6-4638-955B-C5BF22BD9DE7}"
EndProject
Global
	GlobalSection(SolutionConfigurationPlatforms) = preSolution
		Debug|Any CPU = Debug|Any CPU
		Release|Any CPU = Release|Any CPU
	EndGlobalSection
	GlobalSection(ProjectConfigurationPlatforms) = postSolution
		{2C78614F-55C4-434F-A652-437946343997}.Debug|Any CPU.ActiveCfg = Debug|Any CPU
		{2C78614F-55C4-434F-A652-437946343997}.Debug|Any CPU.Build.0 = Debug|Any CPU
		{2C78614F-55C4-434F-A652-437946343997}.Release|Any CPU.ActiveCfg = Release|Any CPU
		{2C78614F-55C4-434F-A652-437946343997}.Release|Any CPU.Build.0 = Release|Any CPU
		{F8F48A81-B865-4D0B-BBE0-E030EB5B1D21}.Debug|Any CPU.ActiveCfg = Debug|Any CPU
		{F8F48A81-B865-4D0B-BBE0-E030EB5B1D21}.Debug|Any CPU.Build.0 = Debug|Any CPU
		{F8F48A81-B865-4D0B-BBE0-E030EB5B1D21}.Release|Any CPU.ActiveCfg = Release|Any CPU
		{F8F48A81-B865-4D0B-BBE0-E030EB5B1D21}.Release|Any CPU.Build.0 = Release|Any CPU
		{1A9B7B00-85B6-4638-955B-C5BF22BD9DE7}.Debug|Any CPU.ActiveCfg = Debug|Any CPU
		{1A9B7B00-85B6-4638-955B-C5BF22BD9DE7}.Debug|Any CPU.Build.0 = Debug|Any CPU
		{1A9B7B00-85B6-4638-955B-C5BF22BD9DE7}.Release|Any CPU.ActiveCfg = Release|Any CPU
		{1A9B7B00-85B6-4638-955B-C5BF22BD9DE7}.Release|Any CPU.Build.0 = Release|Any CPU
	EndGlobalSection
	GlobalSection(SolutionProperties) = preSolution
		HideSolutionNode = FALSE
	EndGlobalSection
	GlobalSection(NestedProjects) = preSolution
		{F8F48A81-B865-4D0B-BBE0-E030EB5B1D21} = {9CF7F532-A6E2-4559-98F3-0D3A1271EEE9}
		{1A9B7B00-85B6-4638-955B-C5BF22BD9DE7} = {9CF7F532-A6E2-4559-98F3-0D3A1271EEE9}
	EndGlobalSection
	GlobalSection(ExtensibilityGlobals) = postSolution
		SolutionGuid = {C5257CB6-DABE-42A7-8D99-762B0668F949}
	EndGlobalSection
EndGlobal
